
Microsoft Visual Studio Solution File, Format Version 12.00
# Visual Studio Version 17
VisualStudioVersion = 17.14.37314.3
MinimumVisualStudioVersion = 10.0.40219.1
Project("{FAE04EC0-301F-11D3-BF4B-00C04F79EFBC}") = "SixKeyToolbox", "SixKeyToolbox\SixKeyToolbox.csproj", "{E7266356-9DAD-4962-B6D1-62F3E3C726A9}"
EndProject
Project("{2150E333-8FDC-42A3-9474-1A3956D46DE8}") = "Solution Items", "Solution Items", "{8EC462FD-D22E-90A8-E5CE-7E832BA40C5D}"
	ProjectSection(SolutionItems) = preProject
		.gitattributes = .gitattributes
		.gitignore = .gitignore
		CLAUDE.md = CLAUDE.md
		LICENSE.txt = LICENSE.txt
		README.md = README.md
	EndProjectSection
EndProject
Project("{54435603-DBB4-11D2-8724-00A0C9A8B90C}") = "SixKeyToolbox.Installer", "SixKeyToolbox.Installer\SixKeyToolbox.Installer.vdproj", "{57D65CF6-1BC5-0191-6050-38659835D269}"
EndProject
Global
	GlobalSection(SolutionConfigurationPlatforms) = preSolution
		Debug|Any CPU = Debug|Any CPU
		Release|Any CPU = Release|Any CPU
	EndGlobalSection
	GlobalSection(ProjectConfigurationPlatforms) = postSolution
		{E7266356-9DAD-4962-B6D1-62F3E3C726A9}.Debug|Any CPU.ActiveCfg = Debug|Any CPU
		{E7266356-9DAD-4962-B6D1-62F3E3C726A9}.Debug|Any CPU.Build.0 = Debug|Any CPU
		{E7266356-9DAD-4962-B6D1-62F3E3C726A9}.Release|Any CPU.ActiveCfg = Release|Any CPU
		{E7266356-9DAD-4962-B6D1-62F3E3C726A9}.Release|Any CPU.Build.0 = Release|Any CPU
		{57D65CF6-1BC5-0191-6050-38659835D269}.Debug|Any CPU.ActiveCfg = Debug
		{57D65CF6-1BC5-0191-6050-38659835D269}.Release|Any CPU.ActiveCfg = Release
	EndGlobalSection
	GlobalSection(SolutionProperties) = preSolution
		HideSolutionNode = FALSE
	EndGlobalSection
	GlobalSection(ExtensibilityGlobals) = postSolution
		SolutionGuid = {87FA2523-C6F3-4AB5-BDBF-8948462EE712}
	EndGlobalSection
EndGlobal
